
Microsoft Visual Studio Solution File, Format Version 12.00
# Visual Studio Version 16
VisualStudioVersion = 16.0.31402.337
MinimumVisualStudioVersion = 10.0.40219.1
Project("{9A19103F-16F7-4668-BE54-9A1E7A4F7556}") = "GitRepository", "GitRepository\GitRepository.csproj", "{52691596-2FE9-4CB7-959C-4ED1E0AC6351}"
EndProject
Project("{FAE04EC0-301F-11D3-BF4B-00C04F79EFBC}") = "GitRepository.Tests", "GitRepository.Tests\GitRepository.Tests.csproj", "{157FC95E-3E5F-45BD-B215-7F9C12DA91DA}"
EndProject
Global
	GlobalSection(SolutionConfigurationPlatforms) = preSolution
		Debug|Any CPU = Debug|Any CPU
		Release|Any CPU = Release|Any CPU
	EndGlobalSection
	GlobalSection(ProjectConfigurationPlatforms) = postSolution
		{52691596-2FE9-4CB7-959C-4ED1E0AC6351}.Debug|Any CPU.ActiveCfg = Debug|Any CPU
		{52691596-2FE9-4CB7-959C-4ED1E0AC6351}.Debug|Any CPU.Build.0 = Debug|Any CPU
		{52691596-2FE9-4CB7-959C-4ED1E0AC6351}.Release|Any CPU.ActiveCfg = Release|Any CPU
		{52691596-2FE9-4CB7-959C-4ED1E0AC6351}.Release|Any CPU.Build.0 = Release|Any CPU
		{157FC95E-3E5F-45BD-B215-7F9C12DA91DA}.Debug|Any CPU.ActiveCfg = Debug|Any CPU
		{157FC95E-3E5F-45BD-B215-7F9C12DA91DA}.Debug|Any CPU.Build.0 = Debug|Any CPU
		{157FC95E-3E5F-45BD-B215-7F9C12DA91DA}.Release|Any CPU.ActiveCfg = Release|Any CPU
		{157FC95E-3E5F-45BD-B215-7F9C12DA91DA}.Release|Any CPU.Build.0 = Release|Any CPU
	EndGlobalSection
	GlobalSection(SolutionProperties) = preSolution
		HideSolutionNode = FALSE
	EndGlobalSection
	GlobalSection(ExtensibilityGlobals) = postSolution
		SolutionGuid = {2ED7F527-EE80-45BB-A21D-256014ACDF2B}
	EndGlobalSection
EndGlobal
